// !$*UTF8*$!
{
	archiveVersion = 1;
	classes = {
	};
	objectVersion = 50;
	objects = {

/* Begin PBXBuildFile section */
		83E431FD26CCDB8C0057D89C /* AppDelegate.swift in Sources */ = {isa = PBXBuildFile; fileRef = 83E431FC26CCDB8C0057D89C /* AppDelegate.swift */; };
		83E431FF26CCDB8C0057D89C /* SceneDelegate.swift in Sources */ = {isa = PBXBuildFile; fileRef = 83E431FE26CCDB8C0057D89C /* SceneDelegate.swift */; };
		83E4320126CCDB8C0057D89C /* ViewController.swift in Sources */ = {isa = PBXBuildFile; fileRef = 83E4320026CCDB8C0057D89C /* ViewController.swift */; };
		83E4320426CCDB8C0057D89C /* Main.storyboard in Resources */ = {isa = PBXBuildFile; fileRef = 83E4320226CCDB8C0057D89C /* Main.storyboard */; };
		83E4320626CCDB8E0057D89C /* Assets.xcassets in Resources */ = {isa = PBXBuildFile; fileRef = 83E4320526CCDB8E0057D89C /* Assets.xcassets */; };
		83E4320926CCDB8E0057D89C /* LaunchScreen.storyboard in Resources */ = {isa = PBXBuildFile; fileRef = 83E4320726CCDB8E0057D89C /* LaunchScreen.storyboard */; };
		83E4323426CCE7980057D89C /* GameScene.swift in Sources */ = {isa = PBXBuildFile; fileRef = 83E4323326CCE7980057D89C /* GameScene.swift */; };
/* End PBXBuildFile section */

/* Begin PBXFileReference section */
		83E431F926CCDB8C0057D89C /* FlappyBird.app */ = {isa = PBXFileReference; explicitFileType = wrapper.application; includeInIndex = 0; path = FlappyBird.app; sourceTree = BUILT_PRODUCTS_DIR; };
		83E431FC26CCDB8C0057D89C /* AppDelegate.swift */ = {isa = PBXFileReference; lastKnownFileType = sourcecode.swift; path = AppDelegate.swift; sourceTree = "<group>"; };
		83E431FE26CCDB8C0057D89C /* SceneDelegate.swift */ = {isa = PBXFileReference; lastKnownFileType = sourcecode.swift; path = SceneDelegate.swift; sourceTree = "<group>"; };
		83E4320026CCDB8C0057D89C /* ViewController.swift */ = {isa = PBXFileReference; lastKnownFileType = sourcecode.swift; path = ViewController.swift; sourceTree = "<group>"; };
		83E4320326CCDB8C0057D89C /* Base */ = {isa = PBXFileReference; lastKnownFileType = file.storyboard; name = Base; path = Base.lproj/Main.storyboard; sourceTree = "<group>"; };
		83E4320526CCDB8E0057D89C /* Assets.xcassets */ = {isa = PBXFileReference; lastKnownFileType = folder.assetcatalog; path = Assets.xcassets; sourceTree = "<group>"; };
		83E4320826CCDB8E0057D89C /* Base */ = {isa = PBXFileReference; lastKnownFileType = file.storyboard; name = Base; path = Base.lproj/LaunchScreen.storyboard; sourceTree = "<group>"; };
		83E4320A26CCDB8E0057D89C /* Info.plist */ = {isa = PBXFileReference; lastKnownFileType = text.plist.xml; path = Info.plist; sourceTree = "<group>"; };
		83E4323326CCE7980057D89C /* GameScene.swift */ = {isa = PBXFileReference; lastKnownFileType = sourcecode.swift; path = GameScene.swift; sourceTree = "<group>"; };
/* End PBXFileReference section */

/* Begin PBXFrameworksBuildPhase section */
		83E431F626CCDB8C0057D89C /* Frameworks */ = {
			isa = PBXFrameworksBuildPhase;
			buildActionMask = 2147483647;
			files = (
			);
			runOnlyForDeploymentPostprocessing = 0;
		};
/* End PBXFrameworksBuildPhase section */

/* Begin PBXGroup section */
		83E431F026CCDB8C0057D89C = {
			isa = PBXGroup;
			children = (
				83E431FB26CCDB8C0057D89C /* FlappyBird */,
				83E431FA26CCDB8C0057D89C /* Products */,
			);
			sourceTree = "<group>";
		};
		83E431FA26CCDB8C0057D89C /* Products */ = {
			isa = PBXGroup;
			children = (
				83E431F926CCDB8C0057D89C /* FlappyBird.app */,
			);
			name = Products;
			sourceTree = "<group>";
		};
		83E431FB26CCDB8C0057D89C /* FlappyBird */ = {
			isa = PBXGroup;
			children = (
				83E431FC26CCDB8C0057D89C /* AppDelegate.swift */,
				83E431FE26CCDB8C0057D89C /* SceneDelegate.swift */,
				83E4320026CCDB8C0057D89C /* ViewController.swift */,
				83E4323326CCE7980057D89C /* GameScene.swift */,
				83E4320226CCDB8C0057D89C /* Main.storyboard */,
				83E4320526CCDB8E0057D89C /* Assets.xcassets */,
				83E4320726CCDB8E0057D89C /* LaunchScreen.storyboard */,
				83E4320A26CCDB8E0057D89C /* Info.plist */,
			);
			path = FlappyBird;
			sourceTree = "<group>";
		};
/* End PBXGroup section */

/* Begin PBXNativeTarget section */
		83E431F826CCDB8C0057D89C /* FlappyBird */ = {
			isa = PBXNativeTarget;
			buildConfigurationList = 83E4320D26CCDB8E0057D89C /* Build configuration list for PBXNativeTarget "FlappyBird" */;
			buildPhases = (
				83E431F526CCDB8C0057D89C /* Sources */,
				83E431F626CCDB8C0057D89C /* Frameworks */,
				83E431F726CCDB8C0057D89C /* Resources */,
			);
			buildRules = (
			);
			dependencies = (
			);
			name = FlappyBird;
			productName = FlappyBird;
			productReference = 83E431F926CCDB8C0057D89C /* FlappyBird.app */;
			productType = "com.apple.product-type.application";
		};
/* End PBXNativeTarget section */

/* Begin PBXProject section */
		83E431F126CCDB8C0057D89C /* Project object */ = {
			isa = PBXProject;
			attributes = {
				LastSwiftUpdateCheck = 1220;
				LastUpgradeCheck = 1220;
				TargetAttributes = {
					83E431F826CCDB8C0057D89C = {
						CreatedOnToolsVersion = 12.2;
					};
				};
			};
			buildConfigurationList = 83E431F426CCDB8C0057D89C /* Build configuration list for PBXProject "FlappyBird" */;
			compatibilityVersion = "Xcode 9.3";
			developmentRegion = en;
			hasScannedForEncodings = 0;
			knownRegions = (
				en,
				Base,
			);
			mainGroup = 83E431F026CCDB8C0057D89C;
			productRefGroup = 83E431FA26CCDB8C0057D89C /* Products */;
			projectDirPath = "";
			projectRoot = "";
			targets = (
				83E431F826CCDB8C0057D89C /* FlappyBird */,
			);
		};
/* End PBXProject section */

/* Begin PBXResourcesBuildPhase section */
		83E431F726CCDB8C0057D89C /* Resources */ = {
			isa = PBXResourcesBuildPhase;
			buildActionMask = 2147483647;
			files = (
				83E4320926CCDB8E0057D89C /* LaunchScreen.storyboard in Resources */,
				83E4320626CCDB8E0057D89C /* Assets.xcassets in Resources */,
				83E4320426CCDB8C0057D89C /* Main.storyboard in Resources */,
			);
			runOnlyForDeploymentPostprocessing = 0;
		};
/* End PBXResourcesBuildPhase section */

/* Begin PBXSourcesBuildPhase section */
		83E431F526CCDB8C0057D89C /* Sources */ = {
			isa = PBXSourcesBuildPhase;
			buildActionMask = 2147483647;
			files = (
				83E4320126CCDB8C0057D89C /* ViewController.swift in Sources */,
				83E431FD26CCDB8C0057D89C /* AppDelegate.swift in Sources */,
				83E4323426CCE7980057D89C /* GameScene.swift in Sources */,
				83E431FF26CCDB8C0057D89C /* SceneDelegate.swift in Sources */,
			);
			runOnlyForDeploymentPostprocessing = 0;
		};
/* End PBXSourcesBuildPhase section */

/* Begin PBXVariantGroup section */
		83E4320226CCDB8C0057D89C /* Main.storyboard */ = {
			isa = PBXVariantGroup;
			children = (
				83E4320326CCDB8C0057D89C /* Base */,
			);
			name = Main.storyboard;
			sourceTree = "<group>";
		};
		83E4320726CCDB8E0057D89C /* LaunchScreen.storyboard */ = {
			isa = PBXVariantGroup;
			children = (
				83E4320826CCDB8E0057D89C /* Base */,
			);
			name = LaunchScreen.storyboard;
			sourceTree = "<group>";
		};
/* End PBXVariantGroup section */

/* Begin XCBuildConfiguration section */
		83E4320B26CCDB8E0057D89C /* Debug */ = {
			isa = XCBuildConfiguration;
			buildSettings = {
				ALWAYS_SEARCH_USER_PATHS = NO;
				CLANG_ANALYZER_NONNULL = YES;
				CLANG_ANALYZER_NUMBER_OBJECT_CONVERSION = YES_AGGRESSIVE;
				CLANG_CXX_LANGUAGE_STANDARD = "gnu++14";
				CLANG_CXX_LIBRARY = "libc++";
				CLANG_ENABLE_MODULES = YES;
				CLANG_ENABLE_OBJC_ARC = YES;
				CLANG_ENABLE_OBJC_WEAK = YES;
				CLANG_WARN_BLOCK_CAPTURE_AUTORELEASING = YES;
				CLANG_WARN_BOOL_CONVERSION = YES;
				CLANG_WARN_COMMA = YES;
				CLANG_WARN_CONSTANT_CONVERSION = YES;
				CLANG_WARN_DEPRECATED_OBJC_IMPLEMENTATIONS = YES;
				CLANG_WARN_DIRECT_OBJC_ISA_USAGE = YES_ERROR;
				CLANG_WARN_DOCUMENTATION_COMMENTS = YES;
				CLANG_WARN_EMPTY_BODY = YES;
				CLANG_WARN_ENUM_CONVERSION = YES;
				CLANG_WARN_INFINITE_RECURSION = YES;
				CLANG_WARN_INT_CONVERSION = YES;
				CLANG_WARN_NON_LITERAL_NULL_CONVERSION = YES;
				CLANG_WARN_OBJC_IMPLICIT_RETAIN_SELF = YES;
				CLANG_WARN_OBJC_LITERAL_CONVERSION = YES;
				CLANG_WARN_OBJC_ROOT_CLASS = YES_ERROR;
				CLANG_WARN_QUOTED_INCLUDE_IN_FRAMEWORK_HEADER = YES;
				CLANG_WARN_RANGE_LOOP_ANALYSIS = YES;
				CLANG_WARN_STRICT_PROTOTYPES = YES;
				CLANG_WARN_SUSPICIOUS_MOVE = YES;
				CLANG_WARN_UNGUARDED_AVAILABILITY = YES_AGGRESSIVE;
				CLANG_WARN_UNREACHABLE_CODE = YES;
				CLANG_WARN__DUPLICATE_METHOD_MATCH = YES;
				COPY_PHASE_STRIP = NO;
				DEBUG_INFORMATION_FORMAT = dwarf;
				ENABLE_STRICT_OBJC_MSGSEND = YES;
				ENABLE_TESTABILITY = YES;
				GCC_C_LANGUAGE_STANDARD = gnu11;
				GCC_DYNAMIC_NO_PIC = NO;
				GCC_NO_COMMON_BLOCKS = YES;
				GCC_OPTIMIZATION_LEVEL = 0;
				GCC_PREPROCESSOR_DEFINITIONS = (
					"DEBUG=1",
					"$(inherited)",
				);
				GCC_WARN_64_TO_32_BIT_CONVERSION = YES;
				GCC_WARN_ABOUT_RETURN_TYPE = YES_ERROR;
				GCC_WARN_UNDECLARED_SELECTOR = YES;
				GCC_WARN_UNINITIALIZED_AUTOS = YES_AGGRESSIVE;
				GCC_WARN_UNUSED_FUNCTION = YES;
				GCC_WARN_UNUSED_VARIABLE = YES;
				IPHONEOS_DEPLOYMENT_TARGET = 14.2;
				MTL_ENABLE_DEBUG_INFO = INCLUDE_SOURCE;
				MTL_FAST_MATH = YES;
				ONLY_ACTIVE_ARCH = YES;
				SDKROOT = iphoneos;
				SWIFT_ACTIVE_COMPILATION_CONDITIONS = DEBUG;
				SWIFT_OPTIMIZATION_LEVEL = "-Onone";
			};
			name = Debug;
		};
		83E4320C26CCDB8E0057D89C /* Release */ = {
			isa = XCBuildConfiguration;
			buildSettings = {
				ALWAYS_SEARCH_USER_PATHS = NO;
				CLANG_ANALYZER_NONNULL = YES;
				CLANG_ANALYZER_NUMBER_OBJECT_CONVERSION = YES_AGGRESSIVE;
				CLANG_CXX_LANGUAGE_STANDARD = "gnu++14";
				CLANG_CXX_LIBRARY = "libc++";
				CLANG_ENABLE_MODULES = YES;
				CLANG_ENABLE_OBJC_ARC = YES;
				CLANG_ENABLE_OBJC_WEAK = YES;
				CLANG_WARN_BLOCK_CAPTURE_AUTORELEASING = YES;
				CLANG_WARN_BOOL_CONVERSION = YES;
				CLANG_WARN_COMMA = YES;
				CLANG_WARN_CONSTANT_CONVERSION = YES;
				CLANG_WARN_DEPRECATED_OBJC_IMPLEMENTATIONS = YES;
				CLANG_WARN_DIRECT_OBJC_ISA_USAGE = YES_ERROR;
				CLANG_WARN_DOCUMENTATION_COMMENTS = YES;
				CLANG_WARN_EMPTY_BODY = YES;
				CLANG_WARN_ENUM_CONVERSION = YES;
				CLANG_WARN_INFINITE_RECURSION = YES;
				CLANG_WARN_INT_CONVERSION = YES;
				CLANG_WARN_NON_LITERAL_NULL_CONVERSION = YES;
				CLANG_WARN_OBJC_IMPLICIT_RETAIN_SELF = YES;
				CLANG_WARN_OBJC_LITERAL_CONVERSION = YES;
				CLANG_WARN_OBJC_ROOT_CLASS = YES_ERROR;
				CLANG_WARN_QUOTED_INCLUDE_IN_FRAMEWORK_HEADER = YES;
				CLANG_WARN_RANGE_LOOP_ANALYSIS = YES;
				CLANG_WARN_STRICT_PROTOTYPES = YES;
				CLANG_WARN_SUSPICIOUS_MOVE = YES;
				CLANG_WARN_UNGUARDED_AVAILABILITY = YES_AGGRESSIVE;
				CLANG_WARN_UNREACHABLE_CODE = YES;
				CLANG_WARN__DUPLICATE_METHOD_MATCH = YES;
				COPY_PHASE_STRIP = NO;
				DEBUG_INFORMATION_FORMAT = "dwarf-with-dsym";
				ENABLE_NS_ASSERTIONS = NO;
				ENABLE_STRICT_OBJC_MSGSEND = YES;
				GCC_C_LANGUAGE_STANDARD = gnu11;
				GCC_NO_COMMON_BLOCKS = YES;
				GCC_WARN_64_TO_32_BIT_CONVERSION = YES;
				GCC_WARN_ABOUT_RETURN_TYPE = YES_ERROR;
				GCC_WARN_UNDECLARED_SELECTOR = YES;
				GCC_WARN_UNINITIALIZED_AUTOS = YES_AGGRESSIVE;
				GCC_WARN_UNUSED_FUNCTION = YES;
				GCC_WARN_UNUSED_VARIABLE = YES;
				IPHONEOS_DEPLOYMENT_TARGET = 14.2;
				MTL_ENABLE_DEBUG_INFO = NO;
				MTL_FAST_MATH = YES;
				SDKROOT = iphoneos;
				SWIFT_COMPILATION_MODE = wholemodule;
				SWIFT_OPTIMIZATION_LEVEL = "-O";
				VALIDATE_PRODUCT = YES;
			};
			name = Release;
		};
		83E4320E26CCDB8E0057D89C /* Debug */ = {
			isa = XCBuildConfiguration;
			buildSettings = {
				ASSETCATALOG_COMPILER_APPICON_NAME = AppIcon;
				ASSETCATALOG_COMPILER_GLOBAL_ACCENT_COLOR_NAME = AccentColor;
				CODE_SIGN_STYLE = Automatic;
				DEVELOPMENT_TEAM = LWJD5CUZT3;
				INFOPLIST_FILE = FlappyBird/Info.plist;
				LD_RUNPATH_SEARCH_PATHS = (
					"$(inherited)",
					"@executable_path/Frameworks",
				);
				PRODUCT_BUNDLE_IDENTIFIER = jp.techacademy.naoki.nishio.FlappyBird;
				PRODUCT_NAME = "$(TARGET_NAME)";
				SWIFT_VERSION = 5.0;
				TARGETED_DEVICE_FAMILY = 1;
			};
			name = Debug;
		};
		83E4320F26CCDB8E0057D89C /* Release */ = {
			isa = XCBuildConfiguration;
			buildSettings = {
				ASSETCATALOG_COMPILER_APPICON_NAME = AppIcon;
				ASSETCATALOG_COMPILER_GLOBAL_ACCENT_COLOR_NAME = AccentColor;
				CODE_SIGN_STYLE = Automatic;
				DEVELOPMENT_TEAM = LWJD5CUZT3;
				INFOPLIST_FILE = FlappyBird/Info.plist;
				LD_RUNPATH_SEARCH_PATHS = (
					"$(inherited)",
					"@executable_path/Frameworks",
				);
				PRODUCT_BUNDLE_IDENTIFIER = jp.techacademy.naoki.nishio.FlappyBird;
				PRODUCT_NAME = "$(TARGET_NAME)";
				SWIFT_VERSION = 5.0;
				TARGETED_DEVICE_FAMILY = 1;
			};
			name = Release;
		};
/* End XCBuildConfiguration section */

/* Begin XCConfigurationList section */
		83E431F426CCDB8C0057D89C /* Build configuration list for PBXProject "FlappyBird" */ = {
			isa = XCConfigurationList;
			buildConfigurations = (
				83E4320B26CCDB8E0057D89C /* Debug */,
				83E4320C26CCDB8E0057D89C /* Release */,
			);
			defaultConfigurationIsVisible = 0;
			defaultConfigurationName = Release;
		};
		83E4320D26CCDB8E0057D89C /* Build configuration list for PBXNativeTarget "FlappyBird" */ = {
			isa = XCConfigurationList;
			buildConfigurations = (
				83E4320E26CCDB8E0057D89C /* Debug */,
				83E4320F26CCDB8E0057D89C /* Release */,
			);
			defaultConfigurationIsVisible = 0;
			defaultConfigurationName = Release;
		};
/* End XCConfigurationList section */
	};
	rootObject = 83E431F126CCDB8C0057D89C /* Project object */;
}
